
Microsoft Visual Studio Solution File, Format Version 12.00
# Visual Studio 15
VisualStudioVersion = 15.0.27703.2035
MinimumVisualStudioVersion = 10.0.40219.1
Project("{FAE04EC0-301F-11D3-BF4B-00C04F79EFBC}") = "webTestElement", "webTestElement\webTestElement.csproj", "{1B656BA7-334A-4B9F-AB30-C0FE40D72ECF}"
EndProject
Global
	GlobalSection(SolutionConfigurationPlatforms) = preSolution
		Debug|Any CPU = Debug|Any CPU
		Release|Any CPU = Release|Any CPU
	EndGlobalSection
	GlobalSection(ProjectConfigurationPlatforms) = postSolution
		{1B656BA7-334A-4B9F-AB30-C0FE40D72ECF}.Debug|Any CPU.ActiveCfg = Debug|Any CPU
		{1B656BA7-334A-4B9F-AB30-C0FE40D72ECF}.Debug|Any CPU.Build.0 = Debug|Any CPU
		{1B656BA7-334A-4B9F-AB30-C0FE40D72ECF}.Release|Any CPU.ActiveCfg = Release|Any CPU
		{1B656BA7-334A-4B9F-AB30-C0FE40D72ECF}.Release|Any CPU.Build.0 = Release|Any CPU
	EndGlobalSection
	GlobalSection(SolutionProperties) = preSolution
		HideSolutionNode = FALSE
	EndGlobalSection
	GlobalSection(ExtensibilityGlobals) = postSolution
		SolutionGuid = {750E769A-7DF9-4B66-9BB1-4EEC808B14E5}
	EndGlobalSection
EndGlobal
