
Microsoft Visual Studio Solution File, Format Version 12.00
# Visual Studio Version 16
VisualStudioVersion = 16.0.34407.143
MinimumVisualStudioVersion = 10.0.40219.1
Project("{FAE04EC0-301F-11D3-BF4B-00C04F79EFBC}") = "KMSharepointSync", "KMSharepointSync\KMSharepointSync.csproj", "{A7F34CD8-75BB-4DAA-A234-D2F8FB5BF5F1}"
EndProject
Global
	GlobalSection(SolutionConfigurationPlatforms) = preSolution
		Debug|Any CPU = Debug|Any CPU
		Release|Any CPU = Release|Any CPU
	EndGlobalSection
	GlobalSection(ProjectConfigurationPlatforms) = postSolution
		{A7F34CD8-75BB-4DAA-A234-D2F8FB5BF5F1}.Debug|Any CPU.ActiveCfg = Debug|Any CPU
		{A7F34CD8-75BB-4DAA-A234-D2F8FB5BF5F1}.Debug|Any CPU.Build.0 = Debug|Any CPU
		{A7F34CD8-75BB-4DAA-A234-D2F8FB5BF5F1}.Release|Any CPU.ActiveCfg = Release|Any CPU
		{A7F34CD8-75BB-4DAA-A234-D2F8FB5BF5F1}.Release|Any CPU.Build.0 = Release|Any CPU
	EndGlobalSection
	GlobalSection(SolutionProperties) = preSolution
		HideSolutionNode = FALSE
	EndGlobalSection
	GlobalSection(ExtensibilityGlobals) = postSolution
		SolutionGuid = {04D83F39-0946-4ADF-B9CC-B2BFB11A5FDA}
	EndGlobalSection
EndGlobal
