
Microsoft Visual Studio Solution File, Format Version 11.00
# Visual C# Express 2010
Project("{FAE04EC0-301F-11D3-BF4B-00C04F79EFBC}") = "API教育訓練", "API教育訓練.csproj", "{9C02B29C-3AB6-42D1-9444-5825E21DC7BB}"
EndProject
Global
	GlobalSection(SolutionConfigurationPlatforms) = preSolution
		Debug|Any CPU = Debug|Any CPU
		Release|Any CPU = Release|Any CPU
	EndGlobalSection
	GlobalSection(ProjectConfigurationPlatforms) = postSolution
		{9C02B29C-3AB6-42D1-9444-5825E21DC7BB}.Debug|Any CPU.ActiveCfg = Debug|Any CPU
		{9C02B29C-3AB6-42D1-9444-5825E21DC7BB}.Debug|Any CPU.Build.0 = Debug|Any CPU
		{9C02B29C-3AB6-42D1-9444-5825E21DC7BB}.Release|Any CPU.ActiveCfg = Release|Any CPU
		{9C02B29C-3AB6-42D1-9444-5825E21DC7BB}.Release|Any CPU.Build.0 = Release|Any CPU
	EndGlobalSection
	GlobalSection(SolutionProperties) = preSolution
		HideSolutionNode = FALSE
	EndGlobalSection
EndGlobal
